PODS:
<<<<<<< HEAD
  - Alamofire (4.7.3)
  - AlamofireImage (3.4.1):
    - Alamofire (~> 4.7)
  - Crashlytics (3.10.8):
    - Fabric (~> 1.7.12)
  - Fabric (1.7.12)
  - Fritz (4.2.1):
    - Fritz/ManagedModel (= 4.2.1)
  - Fritz/Core (4.2.1)
  - Fritz/CoreMLHelpers (4.2.1)
  - Fritz/ManagedModel (4.2.1):
    - Fritz/Core
  - Fritz/Vision (4.2.1):
    - Fritz/Core
    - Fritz/CoreMLHelpers
  - Fritz/VisionLabelModel (4.2.1):
    - Fritz/Core
    - Fritz/ManagedModel
    - Fritz/Vision
  - Fritz/VisionObjectModel (4.2.1):
    - Fritz/Core
    - Fritz/ManagedModel
    - Fritz/Vision
  - Fritz/VisionSegmentationModel/People (4.2.1):
    - Fritz/ManagedModel
    - Fritz/VisionSegmentationModelBase
  - Fritz/VisionSegmentationModelBase (4.2.1):
=======
  - Alamofire (4.8.0)
  - AlamofireImage (3.5.0):
    - Alamofire (~> 4.8)
  - Crashlytics (3.12.0):
    - Fabric (~> 1.9.0)
  - Fabric (1.9.0)
  - Fritz (2.4.0):
    - Fritz/ManagedModel (= 2.4.0)
  - Fritz/Core (2.4.0)
  - Fritz/CoreMLHelpers (2.4.0)
  - Fritz/ManagedModel (2.4.0):
    - Fritz/Core
  - Fritz/Vision (2.4.0):
    - Fritz/Core
    - Fritz/CoreMLHelpers
  - Fritz/VisionLabelModel (2.4.0):
    - Fritz/Core
    - Fritz/ManagedModel
    - Fritz/Vision
  - Fritz/VisionObjectModel (2.4.0):
    - Fritz/Core
    - Fritz/ManagedModel
    - Fritz/Vision
  - Fritz/VisionSegmentationModel/People (2.4.0):
    - Fritz/ManagedModel
    - Fritz/VisionSegmentationModelBase
  - Fritz/VisionSegmentationModelBase (2.4.0):
>>>>>>> private/master
    - Fritz/Core
    - Fritz/CoreMLHelpers
    - Fritz/ManagedModel
    - Fritz/Vision
<<<<<<< HEAD
  - Fritz/VisionStyleModel (4.2.1):
    - Fritz/VisionStyleModel/Paintings (= 4.2.1)
    - Fritz/VisionStyleModelBase
  - Fritz/VisionStyleModel/Paintings (4.2.1):
    - Fritz/VisionStyleModelBase
  - Fritz/VisionStyleModelBase (4.2.1):
=======
  - Fritz/VisionStyleModel (2.4.0):
    - Fritz/VisionStyleModel/Paintings (= 2.4.0)
    - Fritz/VisionStyleModelBase
  - Fritz/VisionStyleModel/Paintings (2.4.0):
    - Fritz/VisionStyleModelBase
  - Fritz/VisionStyleModelBase (2.4.0):
>>>>>>> private/master
    - Fritz/Core
    - Fritz/ManagedModel
    - Fritz/Vision
  - R.swift (5.0.0.alpha.2):
    - R.swift.Library (~> 5.0.0.alpha.2)
<<<<<<< HEAD
  - R.swift.Library (5.0.0.alpha.2)
=======
  - R.swift.Library (5.0.0)
>>>>>>> private/master

DEPENDENCIES:
  - AlamofireImage (~> 3.4)
  - Crashlytics (~> 3.9)
  - Fabric (~> 1.7)
<<<<<<< HEAD
  - Fritz
=======
  - Fritz (~> 2.4.0)
>>>>>>> private/master
  - Fritz/VisionLabelModel
  - Fritz/VisionObjectModel
  - Fritz/VisionSegmentationModel/People
  - Fritz/VisionStyleModel
<<<<<<< HEAD
  - R.swift (~> 5.0.0.alpha)
=======
  - R.swift (= 5.0.0.alpha.2)
>>>>>>> private/master

SPEC REPOS:
  https://github.com/cocoapods/specs.git:
    - Alamofire
    - AlamofireImage
    - Crashlytics
    - Fabric
    - Fritz
    - R.swift
    - R.swift.Library

SPEC CHECKSUMS:
<<<<<<< HEAD
  Alamofire: c7287b6e5d7da964a70935e5db17046b7fde6568
  AlamofireImage: 78d67ccbb763d87ba44b21583d2153500a195630
  Crashlytics: 058dc1ba579f6c100bc60a6878703779bff383c4
  Fabric: d7387db9a31aadff63b147a4b91d982c53afaa4f
  Fritz: 88eb1bc516bb027d5899af4a4ee2b7ce316065d3
  R.swift: 31fa1bd537fa81307815cc622122f33331f32174
  R.swift.Library: 3c21b823839bf5a6769dc7f96cb44479dab51b1b

PODFILE CHECKSUM: 4dec8cc74702dd816332fc554aecb053ac1f9ba5
=======
  Alamofire: 3ec537f71edc9804815215393ae2b1a8ea33a844
  AlamofireImage: 1aea346f4dda2f6c67622fa5a89fcbb80d79cc16
  Crashlytics: 07fb167b1694128c1c9a5a5cc319b0e9c3ca0933
  Fabric: f988e33c97f08930a413e08123064d2e5f68d655
  Fritz: cdaf688ed4163d28a163ec94d0f7e6e7ffaec101
  R.swift: 31fa1bd537fa81307815cc622122f33331f32174
  R.swift.Library: 0bf390e729bc10bb2c9e4fb78bd043164a7be4ff

PODFILE CHECKSUM: 9cbc6fb4137225e5825e4720d394902185ee2e5c
>>>>>>> private/master

COCOAPODS: 1.5.2
