PODS:
  - Alamofire (4.7.3)
  - AlamofireImage (3.3.1):
    - Alamofire (~> 4.5)
  - Crashlytics (3.10.7):
    - Fabric (~> 1.7.11)
  - Fabric (1.7.11)
  - Fritz (1.0.8):
    - Fritz/ManagedModel (= 1.0.8)
  - Fritz/Core (1.0.8)
  - Fritz/ManagedModel (1.0.8):
    - Fritz/Core
  - Fritz/Vision (1.0.8):
    - Fritz/Core
  - Fritz/VisionLabelModel (1.0.8):
    - Fritz/Core
    - Fritz/ManagedModel
    - Fritz/Vision
  - Fritz/VisionObjectModel (1.0.8):
    - Fritz/Core
    - Fritz/ManagedModel
    - Fritz/Vision
  - Fritz/VisionStyleModel (1.0.8):
    - Fritz/Core
    - Fritz/ManagedModel
    - Fritz/Vision
  - R.swift (4.0.0):
    - R.swift.Library (~> 4.0.0)
  - R.swift.Library (4.0.0)

DEPENDENCIES:
  - AlamofireImage (~> 3.3)
  - Crashlytics (~> 3.9)
  - Fabric (~> 1.7)
  - Fritz
  - Fritz/ManagedModel
  - Fritz/VisionLabelModel
  - Fritz/VisionObjectModel
  - Fritz/VisionStyleModel
  - R.swift (~> 4.0)

SPEC REPOS:
  https://github.com/cocoapods/specs.git:
    - Alamofire
    - AlamofireImage
    - Crashlytics
    - Fabric
    - R.swift
    - R.swift.Library
  https://github.com/fritzlabs/cocoapods-test-repo.git:
    - Fritz

SPEC CHECKSUMS:
  Alamofire: c7287b6e5d7da964a70935e5db17046b7fde6568
  AlamofireImage: 3b35b586853abaf94ca1250f4e94cff3c21a4c0d
  Crashlytics: ccaac42660eb9351b9960c0d66106b0bcf99f4fa
  Fabric: f233c9492b3bbc1f04e3882986740f7988a58edb
  Fritz: 2e8d99a817fb6d10b2cbf76855cc01f956b9b8ba
  R.swift: d6a5ec2f55a8441dc0ed9f1f8b37d7d11ae85c66
  R.swift.Library: c3af34921024333546e23b70e70d0b4e0cffca75

PODFILE CHECKSUM: 23c860ad745f4358fd8b5d36f1dbdd6745ce5184

COCOAPODS: 1.5.3
