PODS:
  - Fritz (4.2.4):
    - Fritz/Vision (= 4.2.4)
  - Fritz/Vision (4.2.4):
    - FritzBase/Vision (= 4.2.4)
  - Fritz/VisionLabelModel/Fast (4.2.4):
    - FritzVisionLabelModelFast (~> 4.2.0)
  - FritzBase/Core (4.2.4)
  - FritzBase/CoreMLHelpers (4.2.4)
  - FritzBase/ManagedModel (4.2.4):
    - FritzBase/Core (= 4.2.4)
  - FritzBase/Vision (4.2.4):
    - FritzBase/Core (= 4.2.4)
    - FritzBase/CoreMLHelpers (= 4.2.4)
    - FritzBase/ManagedModel (= 4.2.4)
  - FritzVisionLabelModelFast (4.2.3):
    - FritzBase/Vision (~> 4.2.0)

DEPENDENCIES:
  - Fritz (~> 4.2.4)
  - Fritz/VisionLabelModel/Fast

SPEC REPOS:
  trunk:
    - Fritz
    - FritzBase
    - FritzVisionLabelModelFast

SPEC CHECKSUMS:
  Fritz: 22a0d6cc85abac643e4e9894c5cde1ac63b8d646
  FritzBase: 4fd974c8903c619a2f68e8f909c1f960e63b1857
  FritzVisionLabelModelFast: 2f0c95897dc27a6f0e617eb149eca972a72d5c0f

PODFILE CHECKSUM: c89ada376f6a60e7d6fccd63f3399bc60289e9a0

COCOAPODS: 1.8.3
