// !$*UTF8*$!
{
	archiveVersion = 1;
	classes = {
	};
	objectVersion = 48;
	objects = {

/* Begin PBXBuildFile section */
		196DDFB830E752A761DB57B8 /* Pods_Heartbeat.framework in Frameworks */ = {isa = PBXBuildFile; fileRef = AE5BD89ECFAC366472049E82 /* Pods_Heartbeat.framework */; };
		38173F3120E2DCD00036005E /* VisionViewController.swift in Sources */ = {isa = PBXBuildFile; fileRef = 38173F3020E2DCD00036005E /* VisionViewController.swift */; };
		38173F3320E2DCD90036005E /* Vision.storyboard in Resources */ = {isa = PBXBuildFile; fileRef = 38173F3220E2DCD90036005E /* Vision.storyboard */; };
		381817E31FE2DADD00050FF6 /* RootViewController.swift in Sources */ = {isa = PBXBuildFile; fileRef = 381817E21FE2DADD00050FF6 /* RootViewController.swift */; };
		381817E51FE2DAE400050FF6 /* Root.storyboard in Resources */ = {isa = PBXBuildFile; fileRef = 381817E41FE2DAE400050FF6 /* Root.storyboard */; };
		383D40CB1FE18FAC00438A9B /* R.generated.swift in Sources */ = {isa = PBXBuildFile; fileRef = 383D40CA1FE18FAC00438A9B /* R.generated.swift */; };
		385CF1B31FF2EAA200F1BFF0 /* DemosViewController.swift in Sources */ = {isa = PBXBuildFile; fileRef = 385CF1B21FF2EAA200F1BFF0 /* DemosViewController.swift */; };
		385CF1B51FF2EAAA00F1BFF0 /* Demos.storyboard in Resources */ = {isa = PBXBuildFile; fileRef = 385CF1B41FF2EAAA00F1BFF0 /* Demos.storyboard */; };
		385CF1B81FF2F14700F1BFF0 /* DemoTableViewCell.swift in Sources */ = {isa = PBXBuildFile; fileRef = 385CF1B71FF2F14700F1BFF0 /* DemoTableViewCell.swift */; };
		3890742A1FFDE6A000DFF7F9 /* MobileNetViewController.swift in Sources */ = {isa = PBXBuildFile; fileRef = 389074291FFDE6A000DFF7F9 /* MobileNetViewController.swift */; };
		3890742C1FFDE6A900DFF7F9 /* MobileNet.storyboard in Resources */ = {isa = PBXBuildFile; fileRef = 3890742B1FFDE6A900DFF7F9 /* MobileNet.storyboard */; };
		38B18CC01FE224BA005AA896 /* MNIST.mlmodel in Sources */ = {isa = PBXBuildFile; fileRef = 38B18CBF1FE224BA005AA896 /* MNIST.mlmodel */; };
		38BCA57C1FF53BF9009ABCC6 /* MNISTViewController.swift in Sources */ = {isa = PBXBuildFile; fileRef = 38BCA57B1FF53BF9009ABCC6 /* MNISTViewController.swift */; };
		38BCA5811FF53C47009ABCC6 /* TouchDrawView.swift in Sources */ = {isa = PBXBuildFile; fileRef = 38BCA57E1FF53C47009ABCC6 /* TouchDrawView.swift */; };
		38BCA5821FF53C47009ABCC6 /* Stroke.swift in Sources */ = {isa = PBXBuildFile; fileRef = 38BCA57F1FF53C47009ABCC6 /* Stroke.swift */; };
		38BCA5831FF53C47009ABCC6 /* StrokeSettings.swift in Sources */ = {isa = PBXBuildFile; fileRef = 38BCA5801FF53C47009ABCC6 /* StrokeSettings.swift */; };
		38BCA5851FF53C87009ABCC6 /* MNIST.storyboard in Resources */ = {isa = PBXBuildFile; fileRef = 38BCA5841FF53C87009ABCC6 /* MNIST.storyboard */; };
		38E96BF82001308B00683571 /* Models+Fritz.swift in Sources */ = {isa = PBXBuildFile; fileRef = 38E96BF42001308B00683571 /* Models+Fritz.swift */; };
		38E96BFA2001308B00683571 /* AgeNet.mlmodel in Sources */ = {isa = PBXBuildFile; fileRef = 38E96BF62001308B00683571 /* AgeNet.mlmodel */; };
		38E96BFB2001308B00683571 /* GenderNet.mlmodel in Sources */ = {isa = PBXBuildFile; fileRef = 38E96BF72001308B00683571 /* GenderNet.mlmodel */; };
		38E96C01200130E500683571 /* HumanViewController.swift in Sources */ = {isa = PBXBuildFile; fileRef = 38E96BFF200130E500683571 /* HumanViewController.swift */; };
		38E96C02200130E500683571 /* Human.storyboard in Resources */ = {isa = PBXBuildFile; fileRef = 38E96C00200130E500683571 /* Human.storyboard */; };
		38E96C042001310000683571 /* NavigationController.swift in Sources */ = {isa = PBXBuildFile; fileRef = 38E96C032001310000683571 /* NavigationController.swift */; };
		38F2E23A1FE0D0B6007241CB /* AppDelegate.swift in Sources */ = {isa = PBXBuildFile; fileRef = 38F2E2391FE0D0B6007241CB /* AppDelegate.swift */; };
		38F2E2411FE0D0B6007241CB /* Assets.xcassets in Resources */ = {isa = PBXBuildFile; fileRef = 38F2E2401FE0D0B6007241CB /* Assets.xcassets */; };
		38F2E2441FE0D0B6007241CB /* LaunchScreen.storyboard in Resources */ = {isa = PBXBuildFile; fileRef = 38F2E2421FE0D0B6007241CB /* LaunchScreen.storyboard */; };
		83242C2620640B2C00B955D2 /* MobileNet.mlmodel in Sources */ = {isa = PBXBuildFile; fileRef = 83242C2520640B2C00B955D2 /* MobileNet.mlmodel */; };
		835B7551201A8AFB0030FE16 /* SSDMobilenetFeatureExtractor.mlmodel in Sources */ = {isa = PBXBuildFile; fileRef = 835B7550201A8AFB0030FE16 /* SSDMobilenetFeatureExtractor.mlmodel */; };
		835B755E201A8B150030FE16 /* Math.swift in Sources */ = {isa = PBXBuildFile; fileRef = 835B7555201A8B140030FE16 /* Math.swift */; };
		835B755F201A8B150030FE16 /* UIImage+CVPixelBuffer.swift in Sources */ = {isa = PBXBuildFile; fileRef = 835B7556201A8B140030FE16 /* UIImage+CVPixelBuffer.swift */; };
		835B7560201A8B150030FE16 /* Array.swift in Sources */ = {isa = PBXBuildFile; fileRef = 835B7557201A8B140030FE16 /* Array.swift */; };
		835B7561201A8B150030FE16 /* BoundingBox.swift in Sources */ = {isa = PBXBuildFile; fileRef = 835B7558201A8B140030FE16 /* BoundingBox.swift */; };
		835B7562201A8B150030FE16 /* Predictions.swift in Sources */ = {isa = PBXBuildFile; fileRef = 835B7559201A8B140030FE16 /* Predictions.swift */; };
		835B7563201A8B150030FE16 /* MultiArray.swift in Sources */ = {isa = PBXBuildFile; fileRef = 835B755A201A8B140030FE16 /* MultiArray.swift */; };
		835B7564201A8B150030FE16 /* CVPixelBuffer+Helpers.swift in Sources */ = {isa = PBXBuildFile; fileRef = 835B755B201A8B140030FE16 /* CVPixelBuffer+Helpers.swift */; };
		835B7565201A8B150030FE16 /* NonMaxSuppression.swift in Sources */ = {isa = PBXBuildFile; fileRef = 835B755C201A8B140030FE16 /* NonMaxSuppression.swift */; };
		835B7566201A8B150030FE16 /* MLMultiArray+Image.swift in Sources */ = {isa = PBXBuildFile; fileRef = 835B755D201A8B140030FE16 /* MLMultiArray+Image.swift */; };
		835B7568201A8B1D0030FE16 /* SSDPostprocessor.swift in Sources */ = {isa = PBXBuildFile; fileRef = 835B7567201A8B1D0030FE16 /* SSDPostprocessor.swift */; };
		835B756D201A8B2D0030FE16 /* coco_labels_list.txt in Resources */ = {isa = PBXBuildFile; fileRef = 835B7569201A8B2C0030FE16 /* coco_labels_list.txt */; };
		835B756E201A8B2D0030FE16 /* SSDViewController.swift in Sources */ = {isa = PBXBuildFile; fileRef = 835B756A201A8B2C0030FE16 /* SSDViewController.swift */; };
		835B756F201A8B2D0030FE16 /* Anchors.swift in Sources */ = {isa = PBXBuildFile; fileRef = 835B756B201A8B2D0030FE16 /* Anchors.swift */; };
		835B7570201A8B2D0030FE16 /* Utility.swift in Sources */ = {isa = PBXBuildFile; fileRef = 835B756C201A8B2D0030FE16 /* Utility.swift */; };
		835B7572201A8CE00030FE16 /* BlackMirrorStoryboard.storyboard in Resources */ = {isa = PBXBuildFile; fileRef = 835B7571201A8CE00030FE16 /* BlackMirrorStoryboard.storyboard */; };
/* End PBXBuildFile section */

/* Begin PBXFileReference section */
		38173F3020E2DCD00036005E /* VisionViewController.swift */ = {isa = PBXFileReference; lastKnownFileType = sourcecode.swift; path = VisionViewController.swift; sourceTree = "<group>"; };
		38173F3220E2DCD90036005E /* Vision.storyboard */ = {isa = PBXFileReference; lastKnownFileType = file.storyboard; path = Vision.storyboard; sourceTree = "<group>"; };
		381817E21FE2DADD00050FF6 /* RootViewController.swift */ = {isa = PBXFileReference; lastKnownFileType = sourcecode.swift; path = RootViewController.swift; sourceTree = "<group>"; };
		381817E41FE2DAE400050FF6 /* Root.storyboard */ = {isa = PBXFileReference; lastKnownFileType = file.storyboard; path = Root.storyboard; sourceTree = "<group>"; };
		383D40CA1FE18FAC00438A9B /* R.generated.swift */ = {isa = PBXFileReference; fileEncoding = 4; lastKnownFileType = sourcecode.swift; name = R.generated.swift; path = Heartbeat/R.generated.swift; sourceTree = SOURCE_ROOT; };
		385CF1B21FF2EAA200F1BFF0 /* DemosViewController.swift */ = {isa = PBXFileReference; lastKnownFileType = sourcecode.swift; path = DemosViewController.swift; sourceTree = "<group>"; };
		385CF1B41FF2EAAA00F1BFF0 /* Demos.storyboard */ = {isa = PBXFileReference; lastKnownFileType = file.storyboard; path = Demos.storyboard; sourceTree = "<group>"; };
		385CF1B71FF2F14700F1BFF0 /* DemoTableViewCell.swift */ = {isa = PBXFileReference; lastKnownFileType = sourcecode.swift; path = DemoTableViewCell.swift; sourceTree = "<group>"; };
		389074291FFDE6A000DFF7F9 /* MobileNetViewController.swift */ = {isa = PBXFileReference; lastKnownFileType = sourcecode.swift; path = MobileNetViewController.swift; sourceTree = "<group>"; };
		3890742B1FFDE6A900DFF7F9 /* MobileNet.storyboard */ = {isa = PBXFileReference; lastKnownFileType = file.storyboard; path = MobileNet.storyboard; sourceTree = "<group>"; };
		38B18CBF1FE224BA005AA896 /* MNIST.mlmodel */ = {isa = PBXFileReference; lastKnownFileType = file.mlmodel; path = MNIST.mlmodel; sourceTree = "<group>"; };
		38BCA57B1FF53BF9009ABCC6 /* MNISTViewController.swift */ = {isa = PBXFileReference; lastKnownFileType = sourcecode.swift; path = MNISTViewController.swift; sourceTree = "<group>"; };
		38BCA57E1FF53C47009ABCC6 /* TouchDrawView.swift */ = {isa = PBXFileReference; fileEncoding = 4; lastKnownFileType = sourcecode.swift; path = TouchDrawView.swift; sourceTree = "<group>"; };
		38BCA57F1FF53C47009ABCC6 /* Stroke.swift */ = {isa = PBXFileReference; fileEncoding = 4; lastKnownFileType = sourcecode.swift; path = Stroke.swift; sourceTree = "<group>"; };
		38BCA5801FF53C47009ABCC6 /* StrokeSettings.swift */ = {isa = PBXFileReference; fileEncoding = 4; lastKnownFileType = sourcecode.swift; path = StrokeSettings.swift; sourceTree = "<group>"; };
		38BCA5841FF53C87009ABCC6 /* MNIST.storyboard */ = {isa = PBXFileReference; lastKnownFileType = file.storyboard; path = MNIST.storyboard; sourceTree = "<group>"; };
		38E96BF42001308B00683571 /* Models+Fritz.swift */ = {isa = PBXFileReference; fileEncoding = 4; lastKnownFileType = sourcecode.swift; path = "Models+Fritz.swift"; sourceTree = "<group>"; };
		38E96BF62001308B00683571 /* AgeNet.mlmodel */ = {isa = PBXFileReference; lastKnownFileType = file.mlmodel; path = AgeNet.mlmodel; sourceTree = "<group>"; };
		38E96BF72001308B00683571 /* GenderNet.mlmodel */ = {isa = PBXFileReference; lastKnownFileType = file.mlmodel; path = GenderNet.mlmodel; sourceTree = "<group>"; };
		38E96BFF200130E500683571 /* HumanViewController.swift */ = {isa = PBXFileReference; fileEncoding = 4; lastKnownFileType = sourcecode.swift; path = HumanViewController.swift; sourceTree = "<group>"; };
		38E96C00200130E500683571 /* Human.storyboard */ = {isa = PBXFileReference; fileEncoding = 4; lastKnownFileType = file.storyboard; path = Human.storyboard; sourceTree = "<group>"; };
		38E96C032001310000683571 /* NavigationController.swift */ = {isa = PBXFileReference; fileEncoding = 4; lastKnownFileType = sourcecode.swift; path = NavigationController.swift; sourceTree = "<group>"; };
		38F2E2361FE0D0B6007241CB /* Heartbeat.app */ = {isa = PBXFileReference; explicitFileType = wrapper.application; includeInIndex = 0; path = Heartbeat.app; sourceTree = BUILT_PRODUCTS_DIR; };
		38F2E2391FE0D0B6007241CB /* AppDelegate.swift */ = {isa = PBXFileReference; lastKnownFileType = sourcecode.swift; path = AppDelegate.swift; sourceTree = "<group>"; };
		38F2E2401FE0D0B6007241CB /* Assets.xcassets */ = {isa = PBXFileReference; lastKnownFileType = folder.assetcatalog; path = Assets.xcassets; sourceTree = "<group>"; };
		38F2E2431FE0D0B6007241CB /* Base */ = {isa = PBXFileReference; lastKnownFileType = file.storyboard; name = Base; path = Base.lproj/LaunchScreen.storyboard; sourceTree = "<group>"; };
		38F2E2451FE0D0B6007241CB /* Info.plist */ = {isa = PBXFileReference; lastKnownFileType = text.plist.xml; path = Info.plist; sourceTree = "<group>"; };
		83242C2520640B2C00B955D2 /* MobileNet.mlmodel */ = {isa = PBXFileReference; lastKnownFileType = file.mlmodel; path = MobileNet.mlmodel; sourceTree = "<group>"; };
		835B7550201A8AFB0030FE16 /* SSDMobilenetFeatureExtractor.mlmodel */ = {isa = PBXFileReference; lastKnownFileType = file.mlmodel; path = SSDMobilenetFeatureExtractor.mlmodel; sourceTree = "<group>"; };
		835B7555201A8B140030FE16 /* Math.swift */ = {isa = PBXFileReference; fileEncoding = 4; lastKnownFileType = sourcecode.swift; path = Math.swift; sourceTree = "<group>"; };
		835B7556201A8B140030FE16 /* UIImage+CVPixelBuffer.swift */ = {isa = PBXFileReference; fileEncoding = 4; lastKnownFileType = sourcecode.swift; path = "UIImage+CVPixelBuffer.swift"; sourceTree = "<group>"; };
		835B7557201A8B140030FE16 /* Array.swift */ = {isa = PBXFileReference; fileEncoding = 4; lastKnownFileType = sourcecode.swift; path = Array.swift; sourceTree = "<group>"; };
		835B7558201A8B140030FE16 /* BoundingBox.swift */ = {isa = PBXFileReference; fileEncoding = 4; lastKnownFileType = sourcecode.swift; path = BoundingBox.swift; sourceTree = "<group>"; };
		835B7559201A8B140030FE16 /* Predictions.swift */ = {isa = PBXFileReference; fileEncoding = 4; lastKnownFileType = sourcecode.swift; path = Predictions.swift; sourceTree = "<group>"; };
		835B755A201A8B140030FE16 /* MultiArray.swift */ = {isa = PBXFileReference; fileEncoding = 4; lastKnownFileType = sourcecode.swift; path = MultiArray.swift; sourceTree = "<group>"; };
		835B755B201A8B140030FE16 /* CVPixelBuffer+Helpers.swift */ = {isa = PBXFileReference; fileEncoding = 4; lastKnownFileType = sourcecode.swift; path = "CVPixelBuffer+Helpers.swift"; sourceTree = "<group>"; };
		835B755C201A8B140030FE16 /* NonMaxSuppression.swift */ = {isa = PBXFileReference; fileEncoding = 4; lastKnownFileType = sourcecode.swift; path = NonMaxSuppression.swift; sourceTree = "<group>"; };
		835B755D201A8B140030FE16 /* MLMultiArray+Image.swift */ = {isa = PBXFileReference; fileEncoding = 4; lastKnownFileType = sourcecode.swift; path = "MLMultiArray+Image.swift"; sourceTree = "<group>"; };
		835B7567201A8B1D0030FE16 /* SSDPostprocessor.swift */ = {isa = PBXFileReference; fileEncoding = 4; lastKnownFileType = sourcecode.swift; path = SSDPostprocessor.swift; sourceTree = "<group>"; };
		835B7569201A8B2C0030FE16 /* coco_labels_list.txt */ = {isa = PBXFileReference; fileEncoding = 4; lastKnownFileType = text; path = coco_labels_list.txt; sourceTree = "<group>"; };
		835B756A201A8B2C0030FE16 /* SSDViewController.swift */ = {isa = PBXFileReference; fileEncoding = 4; lastKnownFileType = sourcecode.swift; path = SSDViewController.swift; sourceTree = "<group>"; };
		835B756B201A8B2D0030FE16 /* Anchors.swift */ = {isa = PBXFileReference; fileEncoding = 4; lastKnownFileType = sourcecode.swift; path = Anchors.swift; sourceTree = "<group>"; };
		835B756C201A8B2D0030FE16 /* Utility.swift */ = {isa = PBXFileReference; fileEncoding = 4; lastKnownFileType = sourcecode.swift; path = Utility.swift; sourceTree = "<group>"; };
		835B7571201A8CE00030FE16 /* BlackMirrorStoryboard.storyboard */ = {isa = PBXFileReference; lastKnownFileType = file.storyboard; path = BlackMirrorStoryboard.storyboard; sourceTree = "<group>"; };
		AE5BD89ECFAC366472049E82 /* Pods_Heartbeat.framework */ = {isa = PBXFileReference; explicitFileType = wrapper.framework; includeInIndex = 0; path = Pods_Heartbeat.framework; sourceTree = BUILT_PRODUCTS_DIR; };
		D1372C3DC7B399D3E8B847F4 /* Pods-Heartbeat.debug.xcconfig */ = {isa = PBXFileReference; includeInIndex = 1; lastKnownFileType = text.xcconfig; name = "Pods-Heartbeat.debug.xcconfig"; path = "Pods/Target Support Files/Pods-Heartbeat/Pods-Heartbeat.debug.xcconfig"; sourceTree = "<group>"; };
		EF3EEEC0D5C3BD7048C6B741 /* Pods-Heartbeat.release.xcconfig */ = {isa = PBXFileReference; includeInIndex = 1; lastKnownFileType = text.xcconfig; name = "Pods-Heartbeat.release.xcconfig"; path = "Pods/Target Support Files/Pods-Heartbeat/Pods-Heartbeat.release.xcconfig"; sourceTree = "<group>"; };
/* End PBXFileReference section */

/* Begin PBXFrameworksBuildPhase section */
		38F2E2331FE0D0B6007241CB /* Frameworks */ = {
			isa = PBXFrameworksBuildPhase;
			buildActionMask = 2147483647;
			files = (
				196DDFB830E752A761DB57B8 /* Pods_Heartbeat.framework in Frameworks */,
			);
			runOnlyForDeploymentPostprocessing = 0;
		};
/* End PBXFrameworksBuildPhase section */

/* Begin PBXGroup section */
		1506ADEE4B587282C7177E1F /* Frameworks */ = {
			isa = PBXGroup;
			children = (
				AE5BD89ECFAC366472049E82 /* Pods_Heartbeat.framework */,
			);
			name = Frameworks;
			sourceTree = "<group>";
		};
		38173F2F20E2DCBC0036005E /* Vision */ = {
			isa = PBXGroup;
			children = (
				38173F3020E2DCD00036005E /* VisionViewController.swift */,
				38173F3220E2DCD90036005E /* Vision.storyboard */,
			);
			path = Vision;
			sourceTree = "<group>";
		};
		381817D91FE2D93F00050FF6 /* Root */ = {
			isa = PBXGroup;
			children = (
				381817E21FE2DADD00050FF6 /* RootViewController.swift */,
				381817E41FE2DAE400050FF6 /* Root.storyboard */,
			);
			path = Root;
			sourceTree = "<group>";
		};
		381817DA1FE2D94600050FF6 /* Common */ = {
			isa = PBXGroup;
			children = (
				38E96C032001310000683571 /* NavigationController.swift */,
			);
			path = Common;
			sourceTree = "<group>";
		};
		383D40C41FE18EEC00438A9B /* Source */ = {
			isa = PBXGroup;
			children = (
				383D40C51FE18EF300438A9B /* Delegate */,
				383D40C61FE18EFA00438A9B /* Modules */,
			);
			path = Source;
			sourceTree = "<group>";
		};
		383D40C51FE18EF300438A9B /* Delegate */ = {
			isa = PBXGroup;
			children = (
				38F2E2391FE0D0B6007241CB /* AppDelegate.swift */,
			);
			path = Delegate;
			sourceTree = "<group>";
		};
		383D40C61FE18EFA00438A9B /* Modules */ = {
			isa = PBXGroup;
			children = (
				835B7549201A7AB70030FE16 /* BlackMirror */,
				381817DA1FE2D94600050FF6 /* Common */,
				385CF1B11FF2EA8600F1BFF0 /* Demos */,
				38E96BFE200130CF00683571 /* Human */,
				389074281FFDE68900DFF7F9 /* MobileNet */,
				38BCA57A1FF53BDD009ABCC6 /* MNIST */,
				381817D91FE2D93F00050FF6 /* Root */,
				38173F2F20E2DCBC0036005E /* Vision */,
			);
			path = Modules;
			sourceTree = "<group>";
		};
		383D40C71FE18F0400438A9B /* Media */ = {
			isa = PBXGroup;
			children = (
				38F2E2401FE0D0B6007241CB /* Assets.xcassets */,
				38F2E2421FE0D0B6007241CB /* LaunchScreen.storyboard */,
			);
			path = Media;
			sourceTree = "<group>";
		};
		383D40C81FE18F0D00438A9B /* Supporting Files */ = {
			isa = PBXGroup;
			children = (
				383D40CA1FE18FAC00438A9B /* R.generated.swift */,
				38F2E2451FE0D0B6007241CB /* Info.plist */,
			);
			path = "Supporting Files";
			sourceTree = "<group>";
		};
		385CF1B11FF2EA8600F1BFF0 /* Demos */ = {
			isa = PBXGroup;
			children = (
				385CF1B61FF2F13400F1BFF0 /* Cells */,
				385CF1B21FF2EAA200F1BFF0 /* DemosViewController.swift */,
				385CF1B41FF2EAAA00F1BFF0 /* Demos.storyboard */,
			);
			path = Demos;
			sourceTree = "<group>";
		};
		385CF1B61FF2F13400F1BFF0 /* Cells */ = {
			isa = PBXGroup;
			children = (
				385CF1B71FF2F14700F1BFF0 /* DemoTableViewCell.swift */,
			);
			path = Cells;
			sourceTree = "<group>";
		};
		389074281FFDE68900DFF7F9 /* MobileNet */ = {
			isa = PBXGroup;
			children = (
				389074291FFDE6A000DFF7F9 /* MobileNetViewController.swift */,
				3890742B1FFDE6A900DFF7F9 /* MobileNet.storyboard */,
			);
			path = MobileNet;
			sourceTree = "<group>";
		};
		38B18CB51FE2228F005AA896 /* Models */ = {
			isa = PBXGroup;
			children = (
				835B7550201A8AFB0030FE16 /* SSDMobilenetFeatureExtractor.mlmodel */,
				38B18CBF1FE224BA005AA896 /* MNIST.mlmodel */,
				38E96BF62001308B00683571 /* AgeNet.mlmodel */,
				38E96BF72001308B00683571 /* GenderNet.mlmodel */,
				83242C2520640B2C00B955D2 /* MobileNet.mlmodel */,
				38E96BF42001308B00683571 /* Models+Fritz.swift */,
			);
			path = Models;
			sourceTree = "<group>";
		};
		38BCA57A1FF53BDD009ABCC6 /* MNIST */ = {
			isa = PBXGroup;
			children = (
				38BCA57D1FF53C2D009ABCC6 /* Draw View */,
				38BCA57B1FF53BF9009ABCC6 /* MNISTViewController.swift */,
				38BCA5841FF53C87009ABCC6 /* MNIST.storyboard */,
			);
			path = MNIST;
			sourceTree = "<group>";
		};
		38BCA57D1FF53C2D009ABCC6 /* Draw View */ = {
			isa = PBXGroup;
			children = (
				38BCA57F1FF53C47009ABCC6 /* Stroke.swift */,
				38BCA5801FF53C47009ABCC6 /* StrokeSettings.swift */,
				38BCA57E1FF53C47009ABCC6 /* TouchDrawView.swift */,
			);
			path = "Draw View";
			sourceTree = "<group>";
		};
		38E96BFE200130CF00683571 /* Human */ = {
			isa = PBXGroup;
			children = (
				38E96BFF200130E500683571 /* HumanViewController.swift */,
				38E96C00200130E500683571 /* Human.storyboard */,
			);
			path = Human;
			sourceTree = "<group>";
		};
		38F2E22D1FE0D0B6007241CB = {
			isa = PBXGroup;
			children = (
				38F2E2381FE0D0B6007241CB /* Heartbeat */,
				38F2E2371FE0D0B6007241CB /* Products */,
				8E4F2C91079D1F45793D461F /* Pods */,
				1506ADEE4B587282C7177E1F /* Frameworks */,
			);
			sourceTree = "<group>";
		};
		38F2E2371FE0D0B6007241CB /* Products */ = {
			isa = PBXGroup;
			children = (
				38F2E2361FE0D0B6007241CB /* Heartbeat.app */,
			);
			name = Products;
			sourceTree = "<group>";
		};
		38F2E2381FE0D0B6007241CB /* Heartbeat */ = {
			isa = PBXGroup;
			children = (
				38B18CB51FE2228F005AA896 /* Models */,
				383D40C41FE18EEC00438A9B /* Source */,
				383D40C71FE18F0400438A9B /* Media */,
				383D40C81FE18F0D00438A9B /* Supporting Files */,
			);
			path = Heartbeat;
			sourceTree = "<group>";
		};
		835B7549201A7AB70030FE16 /* BlackMirror */ = {
			isa = PBXGroup;
			children = (
				835B7554201A8B140030FE16 /* CoreMLHelpers */,
				835B7569201A8B2C0030FE16 /* coco_labels_list.txt */,
				835B756C201A8B2D0030FE16 /* Utility.swift */,
				835B756A201A8B2C0030FE16 /* SSDViewController.swift */,
				835B756B201A8B2D0030FE16 /* Anchors.swift */,
				835B7567201A8B1D0030FE16 /* SSDPostprocessor.swift */,
				835B7571201A8CE00030FE16 /* BlackMirrorStoryboard.storyboard */,
			);
			path = BlackMirror;
			sourceTree = "<group>";
		};
		835B7554201A8B140030FE16 /* CoreMLHelpers */ = {
			isa = PBXGroup;
			children = (
				835B7555201A8B140030FE16 /* Math.swift */,
				835B7556201A8B140030FE16 /* UIImage+CVPixelBuffer.swift */,
				835B7557201A8B140030FE16 /* Array.swift */,
				835B7558201A8B140030FE16 /* BoundingBox.swift */,
				835B7559201A8B140030FE16 /* Predictions.swift */,
				835B755A201A8B140030FE16 /* MultiArray.swift */,
				835B755B201A8B140030FE16 /* CVPixelBuffer+Helpers.swift */,
				835B755C201A8B140030FE16 /* NonMaxSuppression.swift */,
				835B755D201A8B140030FE16 /* MLMultiArray+Image.swift */,
			);
			path = CoreMLHelpers;
			sourceTree = "<group>";
		};
		8E4F2C91079D1F45793D461F /* Pods */ = {
			isa = PBXGroup;
			children = (
				D1372C3DC7B399D3E8B847F4 /* Pods-Heartbeat.debug.xcconfig */,
				EF3EEEC0D5C3BD7048C6B741 /* Pods-Heartbeat.release.xcconfig */,
			);
			name = Pods;
			sourceTree = "<group>";
		};
/* End PBXGroup section */

/* Begin PBXNativeTarget section */
		38F2E2351FE0D0B6007241CB /* Heartbeat */ = {
			isa = PBXNativeTarget;
			buildConfigurationList = 38F2E2481FE0D0B6007241CB /* Build configuration list for PBXNativeTarget "Heartbeat" */;
			buildPhases = (
				5CB4378877FF69BA957F9C57 /* [CP] Check Pods Manifest.lock */,
				383D40CC1FE1901700438A9B /* Swift Lint */,
				383D40C31FE18EA000438A9B /* R.swift */,
				38F2E2321FE0D0B6007241CB /* Sources */,
				38F2E2331FE0D0B6007241CB /* Frameworks */,
				38F2E2341FE0D0B6007241CB /* Resources */,
				38B18CC31FE22C91005AA896 /* Fabric */,
				06519E0C02678CFC3497A876 /* [CP] Embed Pods Frameworks */,
			);
			buildRules = (
			);
			dependencies = (
			);
			name = Heartbeat;
			productName = "Fritz Labs";
			productReference = 38F2E2361FE0D0B6007241CB /* Heartbeat.app */;
			productType = "com.apple.product-type.application";
		};
/* End PBXNativeTarget section */

/* Begin PBXProject section */
		38F2E22E1FE0D0B6007241CB /* Project object */ = {
			isa = PBXProject;
			attributes = {
				LastSwiftUpdateCheck = 0920;
				LastUpgradeCheck = 0930;
				ORGANIZATIONNAME = "Fritz Labs, Inc.";
				TargetAttributes = {
					38F2E2351FE0D0B6007241CB = {
						CreatedOnToolsVersion = 9.2;
						ProvisioningStyle = Automatic;
					};
				};
			};
			buildConfigurationList = 38F2E2311FE0D0B6007241CB /* Build configuration list for PBXProject "Heartbeat" */;
			compatibilityVersion = "Xcode 8.0";
			developmentRegion = en;
			hasScannedForEncodings = 0;
			knownRegions = (
				en,
				Base,
			);
			mainGroup = 38F2E22D1FE0D0B6007241CB;
			productRefGroup = 38F2E2371FE0D0B6007241CB /* Products */;
			projectDirPath = "";
			projectRoot = "";
			targets = (
				38F2E2351FE0D0B6007241CB /* Heartbeat */,
			);
		};
/* End PBXProject section */

/* Begin PBXResourcesBuildPhase section */
		38F2E2341FE0D0B6007241CB /* Resources */ = {
			isa = PBXResourcesBuildPhase;
			buildActionMask = 2147483647;
			files = (
				38E96C02200130E500683571 /* Human.storyboard in Resources */,
				835B7572201A8CE00030FE16 /* BlackMirrorStoryboard.storyboard in Resources */,
				3890742C1FFDE6A900DFF7F9 /* MobileNet.storyboard in Resources */,
				381817E51FE2DAE400050FF6 /* Root.storyboard in Resources */,
				38173F3320E2DCD90036005E /* Vision.storyboard in Resources */,
				835B756D201A8B2D0030FE16 /* coco_labels_list.txt in Resources */,
				38F2E2441FE0D0B6007241CB /* LaunchScreen.storyboard in Resources */,
				38F2E2411FE0D0B6007241CB /* Assets.xcassets in Resources */,
				385CF1B51FF2EAAA00F1BFF0 /* Demos.storyboard in Resources */,
				38BCA5851FF53C87009ABCC6 /* MNIST.storyboard in Resources */,
			);
			runOnlyForDeploymentPostprocessing = 0;
		};
/* End PBXResourcesBuildPhase section */

/* Begin PBXShellScriptBuildPhase section */
		06519E0C02678CFC3497A876 /* [CP] Embed Pods Frameworks */ = {
			isa = PBXShellScriptBuildPhase;
			buildActionMask = 2147483647;
			files = (
			);
			inputPaths = (
				"${SRCROOT}/Pods/Target Support Files/Pods-Heartbeat/Pods-Heartbeat-frameworks.sh",
				"${BUILT_PRODUCTS_DIR}/Alamofire/Alamofire.framework",
				"${BUILT_PRODUCTS_DIR}/AlamofireImage/AlamofireImage.framework",
				"${PODS_ROOT}/Fritz/Frameworks/FritzCore.framework",
				"${PODS_ROOT}/Fritz/Frameworks/FritzManagedModel.framework",
				"${PODS_ROOT}/Fritz/Frameworks/FritzVision.framework",
				"${PODS_ROOT}/Fritz/Frameworks/FritzVisionLabelModel.framework",
				"${BUILT_PRODUCTS_DIR}/R.swift.Library/Rswift.framework",
			);
			name = "[CP] Embed Pods Frameworks";
			outputPaths = (
				"${TARGET_BUILD_DIR}/${FRAMEWORKS_FOLDER_PATH}/Alamofire.framework",
				"${TARGET_BUILD_DIR}/${FRAMEWORKS_FOLDER_PATH}/AlamofireImage.framework",
				"${TARGET_BUILD_DIR}/${FRAMEWORKS_FOLDER_PATH}/FritzCore.framework",
				"${TARGET_BUILD_DIR}/${FRAMEWORKS_FOLDER_PATH}/FritzManagedModel.framework",
				"${TARGET_BUILD_DIR}/${FRAMEWORKS_FOLDER_PATH}/FritzVision.framework",
				"${TARGET_BUILD_DIR}/${FRAMEWORKS_FOLDER_PATH}/FritzVisionLabelModel.framework",
				"${TARGET_BUILD_DIR}/${FRAMEWORKS_FOLDER_PATH}/Rswift.framework",
			);
			runOnlyForDeploymentPostprocessing = 0;
			shellPath = /bin/sh;
			shellScript = "\"${SRCROOT}/Pods/Target Support Files/Pods-Heartbeat/Pods-Heartbeat-frameworks.sh\"\n";
			showEnvVarsInLog = 0;
		};
		383D40C31FE18EA000438A9B /* R.swift */ = {
			isa = PBXShellScriptBuildPhase;
			buildActionMask = 2147483647;
			files = (
			);
			inputPaths = (
			);
			name = R.swift;
			outputPaths = (
			);
			runOnlyForDeploymentPostprocessing = 0;
			shellPath = /bin/sh;
			shellScript = "\"$PODS_ROOT/R.swift/rswift\" generate \"$SRCROOT/Heartbeat\"";
		};
		383D40CC1FE1901700438A9B /* Swift Lint */ = {
			isa = PBXShellScriptBuildPhase;
			buildActionMask = 2147483647;
			files = (
			);
			inputPaths = (
			);
			name = "Swift Lint";
			outputPaths = (
			);
			runOnlyForDeploymentPostprocessing = 0;
			shellPath = /bin/sh;
			shellScript = "#if which swiftlint >/dev/null; then\n#    swiftlint\n#else\n#    echo \"warning: SwiftLint not installed, download from https://github.com/realm/SwiftLint\"\n#fi";
		};
		38B18CC31FE22C91005AA896 /* Fabric */ = {
			isa = PBXShellScriptBuildPhase;
			buildActionMask = 2147483647;
			files = (
			);
			inputPaths = (
			);
			name = Fabric;
			outputPaths = (
			);
			runOnlyForDeploymentPostprocessing = 0;
			shellPath = /bin/sh;
			shellScript = "\"${PODS_ROOT}/Fabric/run\" 3ab14d933cbf3577dd7434aa17e1171fdd726172 a7e273788cbf79557095d9bd720a5d71abef69142d7a82ef17e9d88751ee49d8";
		};
		5CB4378877FF69BA957F9C57 /* [CP] Check Pods Manifest.lock */ = {
			isa = PBXShellScriptBuildPhase;
			buildActionMask = 2147483647;
			files = (
			);
			inputPaths = (
				"${PODS_PODFILE_DIR_PATH}/Podfile.lock",
				"${PODS_ROOT}/Manifest.lock",
			);
			name = "[CP] Check Pods Manifest.lock";
			outputPaths = (
				"$(DERIVED_FILE_DIR)/Pods-Heartbeat-checkManifestLockResult.txt",
			);
			runOnlyForDeploymentPostprocessing = 0;
			shellPath = /bin/sh;
			shellScript = "diff \"${PODS_PODFILE_DIR_PATH}/Podfile.lock\" \"${PODS_ROOT}/Manifest.lock\" > /dev/null\nif [ $? != 0 ] ; then\n    # print error to STDERR\n    echo \"error: The sandbox is not in sync with the Podfile.lock. Run 'pod install' or update your CocoaPods installation.\" >&2\n    exit 1\nfi\n# This output is used by Xcode 'outputs' to avoid re-running this script phase.\necho \"SUCCESS\" > \"${SCRIPT_OUTPUT_FILE_0}\"\n";
			showEnvVarsInLog = 0;
		};
/* End PBXShellScriptBuildPhase section */

/* Begin PBXSourcesBuildPhase section */
		38F2E2321FE0D0B6007241CB /* Sources */ = {
			isa = PBXSourcesBuildPhase;
			buildActionMask = 2147483647;
			files = (
				385CF1B31FF2EAA200F1BFF0 /* DemosViewController.swift in Sources */,
				835B756F201A8B2D0030FE16 /* Anchors.swift in Sources */,
				385CF1B81FF2F14700F1BFF0 /* DemoTableViewCell.swift in Sources */,
				835B7561201A8B150030FE16 /* BoundingBox.swift in Sources */,
				38B18CC01FE224BA005AA896 /* MNIST.mlmodel in Sources */,
				835B7568201A8B1D0030FE16 /* SSDPostprocessor.swift in Sources */,
				381817E31FE2DADD00050FF6 /* RootViewController.swift in Sources */,
				83242C2620640B2C00B955D2 /* MobileNet.mlmodel in Sources */,
				835B7565201A8B150030FE16 /* NonMaxSuppression.swift in Sources */,
				835B7564201A8B150030FE16 /* CVPixelBuffer+Helpers.swift in Sources */,
				38BCA5831FF53C47009ABCC6 /* StrokeSettings.swift in Sources */,
				3890742A1FFDE6A000DFF7F9 /* MobileNetViewController.swift in Sources */,
				38173F3120E2DCD00036005E /* VisionViewController.swift in Sources */,
				835B755F201A8B150030FE16 /* UIImage+CVPixelBuffer.swift in Sources */,
				835B756E201A8B2D0030FE16 /* SSDViewController.swift in Sources */,
				38F2E23A1FE0D0B6007241CB /* AppDelegate.swift in Sources */,
				835B7560201A8B150030FE16 /* Array.swift in Sources */,
				383D40CB1FE18FAC00438A9B /* R.generated.swift in Sources */,
				38E96BFB2001308B00683571 /* GenderNet.mlmodel in Sources */,
				835B7563201A8B150030FE16 /* MultiArray.swift in Sources */,
				38BCA5821FF53C47009ABCC6 /* Stroke.swift in Sources */,
				38E96BF82001308B00683571 /* Models+Fritz.swift in Sources */,
				38E96C042001310000683571 /* NavigationController.swift in Sources */,
				38E96BFA2001308B00683571 /* AgeNet.mlmodel in Sources */,
				835B755E201A8B150030FE16 /* Math.swift in Sources */,
				835B7562201A8B150030FE16 /* Predictions.swift in Sources */,
				38BCA57C1FF53BF9009ABCC6 /* MNISTViewController.swift in Sources */,
				835B7570201A8B2D0030FE16 /* Utility.swift in Sources */,
				38BCA5811FF53C47009ABCC6 /* TouchDrawView.swift in Sources */,
				38E96C01200130E500683571 /* HumanViewController.swift in Sources */,
				835B7551201A8AFB0030FE16 /* SSDMobilenetFeatureExtractor.mlmodel in Sources */,
				835B7566201A8B150030FE16 /* MLMultiArray+Image.swift in Sources */,
			);
			runOnlyForDeploymentPostprocessing = 0;
		};
/* End PBXSourcesBuildPhase section */

/* Begin PBXVariantGroup section */
		38F2E2421FE0D0B6007241CB /* LaunchScreen.storyboard */ = {
			isa = PBXVariantGroup;
			children = (
				38F2E2431FE0D0B6007241CB /* Base */,
			);
			name = LaunchScreen.storyboard;
			sourceTree = "<group>";
		};
/* End PBXVariantGroup section */

/* Begin XCBuildConfiguration section */
		38F2E2461FE0D0B6007241CB /* Debug */ = {
			isa = XCBuildConfiguration;
			buildSettings = {
				ALWAYS_SEARCH_USER_PATHS = NO;
				CLANG_ANALYZER_NONNULL = YES;
				CLANG_ANALYZER_NUMBER_OBJECT_CONVERSION = YES_AGGRESSIVE;
				CLANG_CXX_LANGUAGE_STANDARD = "gnu++14";
				CLANG_CXX_LIBRARY = "libc++";
				CLANG_ENABLE_MODULES = YES;
				CLANG_ENABLE_OBJC_ARC = YES;
				CLANG_WARN_BLOCK_CAPTURE_AUTORELEASING = YES;
				CLANG_WARN_BOOL_CONVERSION = YES;
				CLANG_WARN_COMMA = YES;
				CLANG_WARN_CONSTANT_CONVERSION = YES;
				CLANG_WARN_DEPRECATED_OBJC_IMPLEMENTATIONS = YES;
				CLANG_WARN_DIRECT_OBJC_ISA_USAGE = YES_ERROR;
				CLANG_WARN_DOCUMENTATION_COMMENTS = YES;
				CLANG_WARN_EMPTY_BODY = YES;
				CLANG_WARN_ENUM_CONVERSION = YES;
				CLANG_WARN_INFINITE_RECURSION = YES;
				CLANG_WARN_INT_CONVERSION = YES;
				CLANG_WARN_NON_LITERAL_NULL_CONVERSION = YES;
				CLANG_WARN_OBJC_IMPLICIT_RETAIN_SELF = YES;
				CLANG_WARN_OBJC_LITERAL_CONVERSION = YES;
				CLANG_WARN_OBJC_ROOT_CLASS = YES_ERROR;
				CLANG_WARN_RANGE_LOOP_ANALYSIS = YES;
				CLANG_WARN_STRICT_PROTOTYPES = YES;
				CLANG_WARN_SUSPICIOUS_MOVE = YES;
				CLANG_WARN_UNGUARDED_AVAILABILITY = YES_AGGRESSIVE;
				CLANG_WARN_UNREACHABLE_CODE = YES;
				CLANG_WARN__DUPLICATE_METHOD_MATCH = YES;
				CODE_SIGN_IDENTITY = "iPhone Developer";
				COPY_PHASE_STRIP = NO;
				DEBUG_INFORMATION_FORMAT = "dwarf-with-dsym";
				ENABLE_STRICT_OBJC_MSGSEND = YES;
				ENABLE_TESTABILITY = YES;
				GCC_C_LANGUAGE_STANDARD = gnu11;
				GCC_DYNAMIC_NO_PIC = NO;
				GCC_NO_COMMON_BLOCKS = YES;
				GCC_OPTIMIZATION_LEVEL = 0;
				GCC_PREPROCESSOR_DEFINITIONS = (
					"DEBUG=1",
					"$(inherited)",
				);
				GCC_WARN_64_TO_32_BIT_CONVERSION = YES;
				GCC_WARN_ABOUT_RETURN_TYPE = YES_ERROR;
				GCC_WARN_UNDECLARED_SELECTOR = YES;
				GCC_WARN_UNINITIALIZED_AUTOS = YES_AGGRESSIVE;
				GCC_WARN_UNUSED_FUNCTION = YES;
				GCC_WARN_UNUSED_VARIABLE = YES;
				IPHONEOS_DEPLOYMENT_TARGET = 11.2;
				MTL_ENABLE_DEBUG_INFO = YES;
				ONLY_ACTIVE_ARCH = YES;
				SDKROOT = iphoneos;
				SWIFT_ACTIVE_COMPILATION_CONDITIONS = DEBUG;
				SWIFT_OPTIMIZATION_LEVEL = "-Onone";
			};
			name = Debug;
		};
		38F2E2471FE0D0B6007241CB /* Release */ = {
			isa = XCBuildConfiguration;
			buildSettings = {
				ALWAYS_SEARCH_USER_PATHS = NO;
				CLANG_ANALYZER_NONNULL = YES;
				CLANG_ANALYZER_NUMBER_OBJECT_CONVERSION = YES_AGGRESSIVE;
				CLANG_CXX_LANGUAGE_STANDARD = "gnu++14";
				CLANG_CXX_LIBRARY = "libc++";
				CLANG_ENABLE_MODULES = YES;
				CLANG_ENABLE_OBJC_ARC = YES;
				CLANG_WARN_BLOCK_CAPTURE_AUTORELEASING = YES;
				CLANG_WARN_BOOL_CONVERSION = YES;
				CLANG_WARN_COMMA = YES;
				CLANG_WARN_CONSTANT_CONVERSION = YES;
				CLANG_WARN_DEPRECATED_OBJC_IMPLEMENTATIONS = YES;
				CLANG_WARN_DIRECT_OBJC_ISA_USAGE = YES_ERROR;
				CLANG_WARN_DOCUMENTATION_COMMENTS = YES;
				CLANG_WARN_EMPTY_BODY = YES;
				CLANG_WARN_ENUM_CONVERSION = YES;
				CLANG_WARN_INFINITE_RECURSION = YES;
				CLANG_WARN_INT_CONVERSION = YES;
				CLANG_WARN_NON_LITERAL_NULL_CONVERSION = YES;
				CLANG_WARN_OBJC_IMPLICIT_RETAIN_SELF = YES;
				CLANG_WARN_OBJC_LITERAL_CONVERSION = YES;
				CLANG_WARN_OBJC_ROOT_CLASS = YES_ERROR;
				CLANG_WARN_RANGE_LOOP_ANALYSIS = YES;
				CLANG_WARN_STRICT_PROTOTYPES = YES;
				CLANG_WARN_SUSPICIOUS_MOVE = YES;
				CLANG_WARN_UNGUARDED_AVAILABILITY = YES_AGGRESSIVE;
				CLANG_WARN_UNREACHABLE_CODE = YES;
				CLANG_WARN__DUPLICATE_METHOD_MATCH = YES;
				CODE_SIGN_IDENTITY = "iPhone Developer";
				COPY_PHASE_STRIP = NO;
				DEBUG_INFORMATION_FORMAT = "dwarf-with-dsym";
				ENABLE_NS_ASSERTIONS = NO;
				ENABLE_STRICT_OBJC_MSGSEND = YES;
				GCC_C_LANGUAGE_STANDARD = gnu11;
				GCC_NO_COMMON_BLOCKS = YES;
				GCC_WARN_64_TO_32_BIT_CONVERSION = YES;
				GCC_WARN_ABOUT_RETURN_TYPE = YES_ERROR;
				GCC_WARN_UNDECLARED_SELECTOR = YES;
				GCC_WARN_UNINITIALIZED_AUTOS = YES_AGGRESSIVE;
				GCC_WARN_UNUSED_FUNCTION = YES;
				GCC_WARN_UNUSED_VARIABLE = YES;
				IPHONEOS_DEPLOYMENT_TARGET = 11.2;
				MTL_ENABLE_DEBUG_INFO = NO;
				SDKROOT = iphoneos;
				SWIFT_OPTIMIZATION_LEVEL = "-Owholemodule";
				VALIDATE_PRODUCT = YES;
			};
			name = Release;
		};
		38F2E2491FE0D0B6007241CB /* Debug */ = {
			isa = XCBuildConfiguration;
			baseConfigurationReference = D1372C3DC7B399D3E8B847F4 /* Pods-Heartbeat.debug.xcconfig */;
			buildSettings = {
				ASSETCATALOG_COMPILER_APPICON_NAME = AppIcon;
				"CODE_SIGN_IDENTITY[sdk=iphoneos*]" = "iPhone Developer";
				CODE_SIGN_STYLE = Automatic;
				DEVELOPMENT_TEAM = T3RGJF7P9D;
				INFOPLIST_FILE = "$(SRCROOT)/Heartbeat/Supporting Files/Info.plist";
				IPHONEOS_DEPLOYMENT_TARGET = 11.0;
				LD_RUNPATH_SEARCH_PATHS = "$(inherited) @executable_path/Frameworks";
				PRODUCT_BUNDLE_IDENTIFIER = com.fritz.Heartbeat;
				PRODUCT_NAME = "$(TARGET_NAME)";
				PROVISIONING_PROFILE_SPECIFIER = "";
				SWIFT_VERSION = 4.0;
				TARGETED_DEVICE_FAMILY = "1,2";
			};
			name = Debug;
		};
		38F2E24A1FE0D0B6007241CB /* Release */ = {
			isa = XCBuildConfiguration;
			baseConfigurationReference = EF3EEEC0D5C3BD7048C6B741 /* Pods-Heartbeat.release.xcconfig */;
			buildSettings = {
				ASSETCATALOG_COMPILER_APPICON_NAME = AppIcon;
				"CODE_SIGN_IDENTITY[sdk=iphoneos*]" = "iPhone Developer";
				CODE_SIGN_STYLE = Automatic;
				DEVELOPMENT_TEAM = T3RGJF7P9D;
				INFOPLIST_FILE = "$(SRCROOT)/Heartbeat/Supporting Files/Info.plist";
				IPHONEOS_DEPLOYMENT_TARGET = 11.0;
				LD_RUNPATH_SEARCH_PATHS = "$(inherited) @executable_path/Frameworks";
				PRODUCT_BUNDLE_IDENTIFIER = com.fritz.Heartbeat;
				PRODUCT_NAME = "$(TARGET_NAME)";
				PROVISIONING_PROFILE_SPECIFIER = "";
				SWIFT_VERSION = 4.0;
				TARGETED_DEVICE_FAMILY = "1,2";
			};
			name = Release;
		};
/* End XCBuildConfiguration section */

/* Begin XCConfigurationList section */
		38F2E2311FE0D0B6007241CB /* Build configuration list for PBXProject "Heartbeat" */ = {
			isa = XCConfigurationList;
			buildConfigurations = (
				38F2E2461FE0D0B6007241CB /* Debug */,
				38F2E2471FE0D0B6007241CB /* Release */,
			);
			defaultConfigurationIsVisible = 0;
			defaultConfigurationName = Release;
		};
		38F2E2481FE0D0B6007241CB /* Build configuration list for PBXNativeTarget "Heartbeat" */ = {
			isa = XCConfigurationList;
			buildConfigurations = (
				38F2E2491FE0D0B6007241CB /* Debug */,
				38F2E24A1FE0D0B6007241CB /* Release */,
			);
			defaultConfigurationIsVisible = 0;
			defaultConfigurationName = Release;
		};
/* End XCConfigurationList section */
	};
	rootObject = 38F2E22E1FE0D0B6007241CB /* Project object */;
}
