PODS:
  - Fritz (4.2.4):
    - Fritz/Vision (= 4.2.4)
  - Fritz/Vision (4.2.4):
    - FritzBase/Vision (= 4.2.4)
  - Fritz/VisionObjectModel/Fast (4.2.4):
    - FritzVisionObjectModelFast (~> 4.2.0)
  - Fritz/VisionPoseModel/Human/Fast (4.2.4):
    - FritzVisionHumanPoseModelFast (~> 4.2.0)
  - FritzBase/Core (4.2.4)
  - FritzBase/CoreMLHelpers (4.2.4)
  - FritzBase/ManagedModel (4.2.4):
    - FritzBase/Core (= 4.2.4)
  - FritzBase/Vision (4.2.4):
    - FritzBase/Core (= 4.2.4)
    - FritzBase/CoreMLHelpers (= 4.2.4)
    - FritzBase/ManagedModel (= 4.2.4)
  - FritzVisionHumanPoseModelFast (4.2.3):
    - FritzBase/Vision (~> 4.2.0)
  - FritzVisionObjectModelFast (4.2.3):
    - FritzBase/Vision (~> 4.2.0)

DEPENDENCIES:
  - Fritz (~> 4.2.4)
  - Fritz/VisionObjectModel/Fast
  - Fritz/VisionPoseModel/Human/Fast

SPEC REPOS:
  trunk:
    - Fritz
    - FritzBase
    - FritzVisionHumanPoseModelFast
    - FritzVisionObjectModelFast

SPEC CHECKSUMS:
  Fritz: 22a0d6cc85abac643e4e9894c5cde1ac63b8d646
  FritzBase: 4fd974c8903c619a2f68e8f909c1f960e63b1857
  FritzVisionHumanPoseModelFast: 2fe6dce96ea6ea3588851a568684a70be93a8e9b
  FritzVisionObjectModelFast: 8cb51336fc125fe3f1fb513e683e20f958ef3339

PODFILE CHECKSUM: 0b72a61ae9a1a13edc65ca178520bc37429c7473

COCOAPODS: 1.8.3
