PODS:
  - Fritz (4.1.2):
    - Fritz/Vision (= 4.1.2)
  - Fritz/Vision (4.1.2):
    - FritzBase/Vision (= 4.1.2)
  - Fritz/VisionObjectModel (4.1.2):
    - FritzVisionObjectModel (~> 4.1.0)
  - Fritz/VisionPoseModel (4.1.2):
    - FritzVisionPoseModel (~> 4.1.0)
  - FritzBase/Core (4.1.2)
  - FritzBase/CoreMLHelpers (4.1.2)
  - FritzBase/ManagedModel (4.1.2):
    - FritzBase/Core (= 4.1.2)
  - FritzBase/Vision (4.1.2):
    - FritzBase/Core (= 4.1.2)
    - FritzBase/CoreMLHelpers (= 4.1.2)
    - FritzBase/ManagedModel (= 4.1.2)
  - FritzVisionObjectModel (4.1.2):
    - FritzBase/Vision (~> 4.1.0)
  - FritzVisionPoseModel (4.1.2):
    - FritzBase/Vision (~> 4.1.0)

DEPENDENCIES:
  - Fritz
  - Fritz/VisionObjectModel
  - Fritz/VisionPoseModel

SPEC REPOS:
  trunk:
    - Fritz
    - FritzBase
    - FritzVisionObjectModel
    - FritzVisionPoseModel

SPEC CHECKSUMS:
  Fritz: fa94d01b6fcf6db6fdd2814f698930bc38291ee2
  FritzBase: 244b4fea58f82781184b2f776537b2a2452083f8
  FritzVisionObjectModel: 09c6c47d736a655604ad2219e6c5f0d5be7232f4
  FritzVisionPoseModel: d8ec955b9f2638e726685286daca5498588974c9

PODFILE CHECKSUM: 092ed0c2b218f74d544fb49acd8faf192e825a09

COCOAPODS: 1.8.0.beta.2
