PODS:
  - Fritz (5.0.0):
    - Fritz/Vision (= 5.0.0)
  - Fritz/Vision (5.0.0):
    - FritzBase/Vision (= 5.0.0)
  - Fritz/VisionObjectModel/Fast (5.0.0):
    - FritzVisionObjectModelFast (= 5.0.0)
  - Fritz/VisionPoseModel/Human/Fast (5.0.0):
    - FritzVisionHumanPoseModelFast (= 5.0.0)
  - FritzBase/Core (5.0.0)
  - FritzBase/CoreMLHelpers (5.0.0)
  - FritzBase/ManagedModel (5.0.0):
    - FritzBase/Core (= 5.0.0)
  - FritzBase/Vision (5.0.0):
    - FritzBase/Core (= 5.0.0)
    - FritzBase/CoreMLHelpers (= 5.0.0)
    - FritzBase/ManagedModel (= 5.0.0)
  - FritzVisionHumanPoseModelFast (5.0.0):
    - FritzBase/Vision (= 5.0.0)
  - FritzVisionObjectModelFast (5.0.0):
    - FritzBase/Vision (= 5.0.0)

DEPENDENCIES:
  - Fritz (~> 5.0.0)
  - Fritz/VisionObjectModel/Fast
  - Fritz/VisionPoseModel/Human/Fast

SPEC REPOS:
  trunk:
    - Fritz
    - FritzBase
    - FritzVisionHumanPoseModelFast
    - FritzVisionObjectModelFast

SPEC CHECKSUMS:
  Fritz: c06106240a488236e951993dc0a31472fb058121
  FritzBase: d9593a523b46b0badce04a49614aca30820a4879
  FritzVisionHumanPoseModelFast: 1b6740f179520f5bff726e711070aa568587213f
  FritzVisionObjectModelFast: 44fd41b8328f9da9f4f793089c0f932df5e3f11a

PODFILE CHECKSUM: f7a4a90072deebe4270760e7c5bbf06c9b4e5a49

COCOAPODS: 1.8.3
