PODS:
  - ColorSlider (4.4)
  - Fritz (5.0.0):
    - Fritz/Vision (= 5.0.0)
  - Fritz/Vision (5.0.0):
    - FritzBase/Vision (= 5.0.0)
  - Fritz/VisionSegmentationModel/Hair/Fast (5.0.0):
    - FritzVisionHairSegmentationModelFast (= 5.0.0)
  - FritzBase/Core (5.0.0)
  - FritzBase/CoreMLHelpers (5.0.0)
  - FritzBase/ManagedModel (5.0.0):
    - FritzBase/Core (= 5.0.0)
  - FritzBase/Vision (5.0.0):
    - FritzBase/Core (= 5.0.0)
    - FritzBase/CoreMLHelpers (= 5.0.0)
    - FritzBase/ManagedModel (= 5.0.0)
  - FritzVisionHairSegmentationModelFast (5.0.0):
    - FritzBase/Vision (= 5.0.0)

DEPENDENCIES:
  - ColorSlider (~> 4.4)
  - Fritz (~> 5.0.0)
  - Fritz/VisionSegmentationModel/Hair/Fast

SPEC REPOS:
  "git@github.com:CocoaPods/Specs.git":
    - ColorSlider
  trunk:
    - Fritz
    - FritzBase
    - FritzVisionHairSegmentationModelFast

SPEC CHECKSUMS:
  ColorSlider: 9a888e65b871fa1e6a26fadebf4931c949935681
  Fritz: c06106240a488236e951993dc0a31472fb058121
  FritzBase: d9593a523b46b0badce04a49614aca30820a4879
  FritzVisionHairSegmentationModelFast: e1300e5790f30448990afae8675953a4cedae972

PODFILE CHECKSUM: 81bb97dbb1bc36ad961110ce14bb6e34de120e87

COCOAPODS: 1.8.3
