PODS:
  - Fritz (4.2.4):
    - Fritz/Vision (= 4.2.4)
  - Fritz/Vision (4.2.4):
    - FritzBase/Vision (= 4.2.4)
  - Fritz/VisionSegmentationModel/Sky/Fast (4.2.4):
    - FritzVisionSkySegmentationModelFast (~> 4.2.0)
  - FritzBase/Core (4.2.4)
  - FritzBase/CoreMLHelpers (4.2.4)
  - FritzBase/ManagedModel (4.2.4):
    - FritzBase/Core (= 4.2.4)
  - FritzBase/Vision (4.2.4):
    - FritzBase/Core (= 4.2.4)
    - FritzBase/CoreMLHelpers (= 4.2.4)
    - FritzBase/ManagedModel (= 4.2.4)
  - FritzVisionSkySegmentationModelFast (4.2.3):
    - FritzBase/Vision (~> 4.2.0)

DEPENDENCIES:
  - Fritz (~> 4.2.4)
  - Fritz/VisionSegmentationModel/Sky/Fast

SPEC REPOS:
  trunk:
    - Fritz
    - FritzBase
    - FritzVisionSkySegmentationModelFast

SPEC CHECKSUMS:
  Fritz: 22a0d6cc85abac643e4e9894c5cde1ac63b8d646
  FritzBase: 4fd974c8903c619a2f68e8f909c1f960e63b1857
  FritzVisionSkySegmentationModelFast: b5c10f3e4e22aeaa1a48cd376cff83109572003b

PODFILE CHECKSUM: 3f4ae6fa647b1b79163e8f40e20996de2f7b34dd

COCOAPODS: 1.8.3
