PODS:
  - Fritz (5.0.0):
    - Fritz/Vision (= 5.0.0)
  - Fritz/Vision (5.0.0):
    - FritzBase/Vision (= 5.0.0)
  - Fritz/VisionSegmentationModel/Sky/Fast (5.0.0):
    - FritzVisionSkySegmentationModelFast (= 5.0.0)
  - FritzBase/Core (5.0.0)
  - FritzBase/CoreMLHelpers (5.0.0)
  - FritzBase/ManagedModel (5.0.0):
    - FritzBase/Core (= 5.0.0)
  - FritzBase/Vision (5.0.0):
    - FritzBase/Core (= 5.0.0)
    - FritzBase/CoreMLHelpers (= 5.0.0)
    - FritzBase/ManagedModel (= 5.0.0)
  - FritzVisionSkySegmentationModelFast (5.0.0):
    - FritzBase/Vision (= 5.0.0)

DEPENDENCIES:
  - Fritz (~> 5.0.0)
  - Fritz/VisionSegmentationModel/Sky/Fast

SPEC REPOS:
  trunk:
    - Fritz
    - FritzBase
    - FritzVisionSkySegmentationModelFast

SPEC CHECKSUMS:
  Fritz: c06106240a488236e951993dc0a31472fb058121
  FritzBase: d9593a523b46b0badce04a49614aca30820a4879
  FritzVisionSkySegmentationModelFast: 4d8766997024e1ede792b959e6d9226a5ea571f1

PODFILE CHECKSUM: 200e60453851291e8d89f8704cb4cfa43ea701b2

COCOAPODS: 1.8.3
