PODS:
  - Fritz (5.0.0):
    - Fritz/Vision (= 5.0.0)
  - Fritz/Vision (5.0.0):
    - FritzBase/Vision (= 5.0.0)
  - Fritz/VisionSegmentationModel/Pet/Accurate (5.0.0):
    - FritzVisionPetSegmentationModelAccurate (= 5.0.0)
  - FritzBase/Core (5.0.0)
  - FritzBase/CoreMLHelpers (5.0.0)
  - FritzBase/ManagedModel (5.0.0):
    - FritzBase/Core (= 5.0.0)
  - FritzBase/Vision (5.0.0):
    - FritzBase/Core (= 5.0.0)
    - FritzBase/CoreMLHelpers (= 5.0.0)
    - FritzBase/ManagedModel (= 5.0.0)
  - FritzVisionPetSegmentationModelAccurate (5.0.0):
    - FritzBase/Vision (= 5.0.0)

DEPENDENCIES:
  - Fritz (~> 5.0.0)
  - Fritz/VisionSegmentationModel/Pet/Accurate

SPEC REPOS:
  trunk:
    - Fritz
    - FritzBase
    - FritzVisionPetSegmentationModelAccurate

SPEC CHECKSUMS:
  Fritz: c06106240a488236e951993dc0a31472fb058121
  FritzBase: d9593a523b46b0badce04a49614aca30820a4879
  FritzVisionPetSegmentationModelAccurate: 80312a2fbac2a8151cdb5576b2230cd2aab4ae4d

PODFILE CHECKSUM: e2999983e6b6e28231e969958a00b9c7dc1dd5d1

COCOAPODS: 1.8.3
