PODS:
  - Fritz (5.0.0):
    - Fritz/Vision (= 5.0.0)
  - Fritz/Vision (5.0.0):
    - FritzBase/Vision (= 5.0.0)
  - Fritz/VisionPoseModel/Human/Fast (5.0.0):
    - FritzVisionHumanPoseModelFast (= 5.0.0)
  - FritzBase/Core (5.0.0)
  - FritzBase/CoreMLHelpers (5.0.0)
  - FritzBase/ManagedModel (5.0.0):
    - FritzBase/Core (= 5.0.0)
  - FritzBase/Vision (5.0.0):
    - FritzBase/Core (= 5.0.0)
    - FritzBase/CoreMLHelpers (= 5.0.0)
    - FritzBase/ManagedModel (= 5.0.0)
  - FritzVisionHumanPoseModelFast (5.0.0):
    - FritzBase/Vision (= 5.0.0)

DEPENDENCIES:
  - Fritz (~> 5.0.0)
  - Fritz/VisionPoseModel/Human/Fast

SPEC REPOS:
  trunk:
    - Fritz
    - FritzBase
    - FritzVisionHumanPoseModelFast

SPEC CHECKSUMS:
  Fritz: c06106240a488236e951993dc0a31472fb058121
  FritzBase: d9593a523b46b0badce04a49614aca30820a4879
  FritzVisionHumanPoseModelFast: 1b6740f179520f5bff726e711070aa568587213f

PODFILE CHECKSUM: 6231acb080819d5191179a94f6877d0464902ae6

COCOAPODS: 1.8.3
