PODS:
  - Fritz (4.1.0):
    - Fritz/Vision (= 4.1.0)
  - Fritz/Vision (4.1.0):
    - FritzBase/Vision (= 4.1.0)
  - Fritz/VisionPoseModel (4.1.0):
    - FritzVisionPoseModel (~> 4.1.0)
  - FritzBase/Core (4.1.0)
  - FritzBase/CoreMLHelpers (4.1.0)
  - FritzBase/ManagedModel (4.1.0):
    - FritzBase/Core (= 4.1.0)
  - FritzBase/Vision (4.1.0):
    - FritzBase/Core (= 4.1.0)
    - FritzBase/CoreMLHelpers (= 4.1.0)
    - FritzBase/ManagedModel (= 4.1.0)
  - FritzVisionPoseModel (4.1.0):
    - FritzBase/Vision (~> 4.1.0)

DEPENDENCIES:
  - Fritz (~> 4.1.0)
  - Fritz/VisionPoseModel

SPEC REPOS:
  https://github.com/cocoapods/specs.git:
    - Fritz
    - FritzBase
    - FritzVisionPoseModel

SPEC CHECKSUMS:
  Fritz: 65530f5e3bc8a5875e01976875e0acee57358cfc
  FritzBase: 800f4d6e1e595e8b3a0780c6427f031624d37040
  FritzVisionPoseModel: e7171b2d0667d747d243b9965b330a89712421ac

PODFILE CHECKSUM: 39893d3dee17dbc49c38dc8833c9127761679911

COCOAPODS: 1.7.5
