PODS:
  - Fritz (4.2.4):
    - Fritz/Vision (= 4.2.4)
  - Fritz/Vision (4.2.4):
    - FritzBase/Vision (= 4.2.4)
  - Fritz/VisionSegmentationModel/People/Fast (4.2.4):
    - FritzVisionPeopleSegmentationModelFast (~> 4.2.0)
  - FritzBase/Core (4.2.4)
  - FritzBase/CoreMLHelpers (4.2.4)
  - FritzBase/ManagedModel (4.2.4):
    - FritzBase/Core (= 4.2.4)
  - FritzBase/Vision (4.2.4):
    - FritzBase/Core (= 4.2.4)
    - FritzBase/CoreMLHelpers (= 4.2.4)
    - FritzBase/ManagedModel (= 4.2.4)
  - FritzVisionPeopleSegmentationModelFast (4.2.3):
    - FritzBase/Vision (~> 4.2.0)

DEPENDENCIES:
  - Fritz (~> 4.2.4)
  - Fritz/VisionSegmentationModel/People/Fast

SPEC REPOS:
  trunk:
    - Fritz
    - FritzBase
    - FritzVisionPeopleSegmentationModelFast

SPEC CHECKSUMS:
  Fritz: 22a0d6cc85abac643e4e9894c5cde1ac63b8d646
  FritzBase: 4fd974c8903c619a2f68e8f909c1f960e63b1857
  FritzVisionPeopleSegmentationModelFast: 139367f1e4c7f817250a57f8035c57fef2357e48

PODFILE CHECKSUM: cdba00ef193c1b55887b42f4bb89f06b7ee79791

COCOAPODS: 1.8.3
