PODS:
  - Fritz (5.0.0):
    - Fritz/Vision (= 5.0.0)
  - Fritz/Vision (5.0.0):
    - FritzBase/Vision (= 5.0.0)
  - Fritz/VisionSegmentationModel/People/Fast (5.0.0):
    - FritzVisionPeopleSegmentationModelFast (= 5.0.0)
  - FritzBase/Core (5.0.0)
  - FritzBase/CoreMLHelpers (5.0.0)
  - FritzBase/ManagedModel (5.0.0):
    - FritzBase/Core (= 5.0.0)
  - FritzBase/Vision (5.0.0):
    - FritzBase/Core (= 5.0.0)
    - FritzBase/CoreMLHelpers (= 5.0.0)
    - FritzBase/ManagedModel (= 5.0.0)
  - FritzVisionPeopleSegmentationModelFast (5.0.0):
    - FritzBase/Vision (= 5.0.0)

DEPENDENCIES:
  - Fritz (~> 5.0.0)
  - Fritz/VisionSegmentationModel/People/Fast

SPEC REPOS:
  trunk:
    - Fritz
    - FritzBase
    - FritzVisionPeopleSegmentationModelFast

SPEC CHECKSUMS:
  Fritz: c06106240a488236e951993dc0a31472fb058121
  FritzBase: d9593a523b46b0badce04a49614aca30820a4879
  FritzVisionPeopleSegmentationModelFast: 9202394ce3c07c894766b474bd01397d37cce27f

PODFILE CHECKSUM: 4b00c06126654a62b91e354bec0b535074fbfdd3

COCOAPODS: 1.8.3
