PODS:
  - Fritz (5.0.0):
    - Fritz/Vision (= 5.0.0)
  - Fritz/Vision (5.0.0):
    - FritzBase/Vision (= 5.0.0)
  - Fritz/VisionStyleModel/Paintings (5.0.0):
    - FritzVisionStyleModelPaintings (= 5.0.0)
  - FritzBase/Core (5.0.0)
  - FritzBase/CoreMLHelpers (5.0.0)
  - FritzBase/ManagedModel (5.0.0):
    - FritzBase/Core (= 5.0.0)
  - FritzBase/Vision (5.0.0):
    - FritzBase/Core (= 5.0.0)
    - FritzBase/CoreMLHelpers (= 5.0.0)
    - FritzBase/ManagedModel (= 5.0.0)
  - FritzVisionStyleModelPaintings (5.0.0):
    - FritzBase/Vision (= 5.0.0)

DEPENDENCIES:
  - Fritz (~> 5.0.0)
  - Fritz/VisionStyleModel/Paintings

SPEC REPOS:
  trunk:
    - Fritz
    - FritzBase
    - FritzVisionStyleModelPaintings

SPEC CHECKSUMS:
  Fritz: c06106240a488236e951993dc0a31472fb058121
  FritzBase: d9593a523b46b0badce04a49614aca30820a4879
  FritzVisionStyleModelPaintings: d98bba5c95ea5e462951845f2936c4294318b5ec

PODFILE CHECKSUM: 411a38e46ec084698258d6fa0b1aef30aa652a3e

COCOAPODS: 1.8.3
