PODS:
  - Fritz (4.2.4):
    - Fritz/Vision (= 4.2.4)
  - Fritz/Vision (4.2.4):
    - FritzBase/Vision (= 4.2.4)
  - Fritz/VisionStyleModel/Paintings (4.2.4):
    - FritzVisionStyleModelPaintings (~> 4.2.0)
  - FritzBase/Core (4.2.4)
  - FritzBase/CoreMLHelpers (4.2.4)
  - FritzBase/ManagedModel (4.2.4):
    - FritzBase/Core (= 4.2.4)
  - FritzBase/Vision (4.2.4):
    - FritzBase/Core (= 4.2.4)
    - FritzBase/CoreMLHelpers (= 4.2.4)
    - FritzBase/ManagedModel (= 4.2.4)
  - FritzVisionStyleModelPaintings (4.2.3):
    - FritzBase/Vision (~> 4.2.0)

DEPENDENCIES:
  - Fritz (~> 4.2.4)
  - Fritz/VisionStyleModel/Paintings

SPEC REPOS:
  trunk:
    - Fritz
    - FritzBase
    - FritzVisionStyleModelPaintings

SPEC CHECKSUMS:
  Fritz: 22a0d6cc85abac643e4e9894c5cde1ac63b8d646
  FritzBase: 4fd974c8903c619a2f68e8f909c1f960e63b1857
  FritzVisionStyleModelPaintings: ba9510a71fdae6f2aa1eb8716e371935182fcb83

PODFILE CHECKSUM: e2f4e293ae0d92995d3804d31595dca09ccd3da7

COCOAPODS: 1.8.3
