PODS:
  - Fritz (4.1.0):
    - Fritz/Vision (= 4.1.0)
  - Fritz/Vision (4.1.0):
    - FritzBase/Vision (= 4.1.0)
  - Fritz/VisionStyleModel/Paintings (4.1.0):
    - FritzVisionStyleModelPaintings (~> 4.1.0)
  - FritzBase/Core (4.1.0)
  - FritzBase/CoreMLHelpers (4.1.0)
  - FritzBase/ManagedModel (4.1.0):
    - FritzBase/Core (= 4.1.0)
  - FritzBase/Vision (4.1.0):
    - FritzBase/Core (= 4.1.0)
    - FritzBase/CoreMLHelpers (= 4.1.0)
    - FritzBase/ManagedModel (= 4.1.0)
  - FritzVisionStyleModelPaintings (4.1.0):
    - FritzBase/Vision (~> 4.1.0)

DEPENDENCIES:
  - Fritz (~> 4.1.0)
  - Fritz/VisionStyleModel/Paintings

SPEC REPOS:
  https://github.com/cocoapods/specs.git:
    - Fritz
    - FritzBase
    - FritzVisionStyleModelPaintings

SPEC CHECKSUMS:
  Fritz: 65530f5e3bc8a5875e01976875e0acee57358cfc
  FritzBase: 800f4d6e1e595e8b3a0780c6427f031624d37040
  FritzVisionStyleModelPaintings: 889d88db9a8dd5aef5a9bb70194dc6467d804568

PODFILE CHECKSUM: cb1fe8dd7df0eb1967a95067ba3eee7d6d8273f6

COCOAPODS: 1.7.5
