PODS:
  - Fritz (5.0.0):
    - Fritz/Vision (= 5.0.0)
  - Fritz/Vision (5.0.0):
    - FritzBase/Vision (= 5.0.0)
  - Fritz/VisionObjectModel/Fast (5.0.0):
    - FritzVisionObjectModelFast (= 5.0.0)
  - FritzBase/Core (5.0.0)
  - FritzBase/CoreMLHelpers (5.0.0)
  - FritzBase/ManagedModel (5.0.0):
    - FritzBase/Core (= 5.0.0)
  - FritzBase/Vision (5.0.0):
    - FritzBase/Core (= 5.0.0)
    - FritzBase/CoreMLHelpers (= 5.0.0)
    - FritzBase/ManagedModel (= 5.0.0)
  - FritzVisionObjectModelFast (5.0.0):
    - FritzBase/Vision (= 5.0.0)

DEPENDENCIES:
  - Fritz (~> 5.0.0)
  - Fritz/VisionObjectModel/Fast

SPEC REPOS:
  trunk:
    - Fritz
    - FritzBase
    - FritzVisionObjectModelFast

SPEC CHECKSUMS:
  Fritz: c06106240a488236e951993dc0a31472fb058121
  FritzBase: d9593a523b46b0badce04a49614aca30820a4879
  FritzVisionObjectModelFast: 44fd41b8328f9da9f4f793089c0f932df5e3f11a

PODFILE CHECKSUM: 9f2c2379ded14d2c1d5e807f5c38b25ff032bc3f

COCOAPODS: 1.8.3
