PODS:
  - Fritz (5.0.0):
    - Fritz/Vision (= 5.0.0)
  - Fritz/Vision (5.0.0):
    - FritzBase/Vision (= 5.0.0)
  - Fritz/VisionLabelModel/Fast (5.0.0):
    - FritzVisionLabelModelFast (= 5.0.0)
  - FritzBase/Core (5.0.0)
  - FritzBase/CoreMLHelpers (5.0.0)
  - FritzBase/ManagedModel (5.0.0):
    - FritzBase/Core (= 5.0.0)
  - FritzBase/Vision (5.0.0):
    - FritzBase/Core (= 5.0.0)
    - FritzBase/CoreMLHelpers (= 5.0.0)
    - FritzBase/ManagedModel (= 5.0.0)
  - FritzVisionLabelModelFast (5.0.0):
    - FritzBase/Vision (= 5.0.0)

DEPENDENCIES:
  - Fritz (~> 5.0.0)
  - Fritz/VisionLabelModel/Fast

SPEC REPOS:
  trunk:
    - Fritz
    - FritzBase
    - FritzVisionLabelModelFast

SPEC CHECKSUMS:
  Fritz: c06106240a488236e951993dc0a31472fb058121
  FritzBase: d9593a523b46b0badce04a49614aca30820a4879
  FritzVisionLabelModelFast: 6c0b00097527ed18300be537ffd92e9dab8c500d

PODFILE CHECKSUM: 90f41c0aa0404d52f50ac5aa37ac66e6635479f7

COCOAPODS: 1.8.3
