PODS:
  - Fritz (4.1.0):
    - Fritz/Vision (= 4.1.0)
  - Fritz/Vision (4.1.0):
    - FritzBase/Vision (= 4.1.0)
  - Fritz/VisionLabelModel (4.1.0):
    - FritzVisionLabelModel (~> 4.1.0)
  - FritzBase/Core (4.1.0)
  - FritzBase/CoreMLHelpers (4.1.0)
  - FritzBase/ManagedModel (4.1.0):
    - FritzBase/Core (= 4.1.0)
  - FritzBase/Vision (4.1.0):
    - FritzBase/Core (= 4.1.0)
    - FritzBase/CoreMLHelpers (= 4.1.0)
    - FritzBase/ManagedModel (= 4.1.0)
  - FritzVisionLabelModel (4.1.0):
    - FritzBase/Vision (~> 4.1.0)

DEPENDENCIES:
  - Fritz (~> 4.1.0)
  - Fritz/VisionLabelModel

SPEC REPOS:
  https://github.com/cocoapods/specs.git:
    - Fritz
    - FritzBase
    - FritzVisionLabelModel

SPEC CHECKSUMS:
  Fritz: 65530f5e3bc8a5875e01976875e0acee57358cfc
  FritzBase: 800f4d6e1e595e8b3a0780c6427f031624d37040
  FritzVisionLabelModel: c2c5cd8590dde8b12b87d74b7fa9fcb4ed9dc9be

PODFILE CHECKSUM: b3728352eabd84f01182efe265113874f8e811d8

COCOAPODS: 1.7.5
